
Microsoft Visual Studio Solution File, Format Version 12.00
# Visual Studio Version 16
VisualStudioVersion = 16.0.29503.13
MinimumVisualStudioVersion = 10.0.40219.1
Project("{FAE04EC0-301F-11D3-BF4B-00C04F79EFBC}") = "AppProgramacionCapas", "AppProgramacionCapas\AppProgramacionCapas.csproj", "{4F913BCB-B626-488E-884C-7E7DA8506192}"
EndProject
Project("{FAE04EC0-301F-11D3-BF4B-00C04F79EFBC}") = "AppIUWin", "AppIUWin\AppIUWin.csproj", "{55D337F3-40A3-489D-8BE7-BF7052ADD550}"
EndProject
Project("{FAE04EC0-301F-11D3-BF4B-00C04F79EFBC}") = "AppPruebaFactorial", "AppPruebaFactorial\AppPruebaFactorial.csproj", "{FB986CA4-C406-4B0A-B924-F1816F002FC3}"
EndProject
Global
	GlobalSection(SolutionConfigurationPlatforms) = preSolution
		Debug|Any CPU = Debug|Any CPU
		Release|Any CPU = Release|Any CPU
	EndGlobalSection
	GlobalSection(ProjectConfigurationPlatforms) = postSolution
		{4F913BCB-B626-488E-884C-7E7DA8506192}.Debug|Any CPU.ActiveCfg = Debug|Any CPU
		{4F913BCB-B626-488E-884C-7E7DA8506192}.Debug|Any CPU.Build.0 = Debug|Any CPU
		{4F913BCB-B626-488E-884C-7E7DA8506192}.Release|Any CPU.ActiveCfg = Release|Any CPU
		{4F913BCB-B626-488E-884C-7E7DA8506192}.Release|Any CPU.Build.0 = Release|Any CPU
		{55D337F3-40A3-489D-8BE7-BF7052ADD550}.Debug|Any CPU.ActiveCfg = Debug|Any CPU
		{55D337F3-40A3-489D-8BE7-BF7052ADD550}.Debug|Any CPU.Build.0 = Debug|Any CPU
		{55D337F3-40A3-489D-8BE7-BF7052ADD550}.Release|Any CPU.ActiveCfg = Release|Any CPU
		{55D337F3-40A3-489D-8BE7-BF7052ADD550}.Release|Any CPU.Build.0 = Release|Any CPU
		{FB986CA4-C406-4B0A-B924-F1816F002FC3}.Debug|Any CPU.ActiveCfg = Debug|Any CPU
		{FB986CA4-C406-4B0A-B924-F1816F002FC3}.Debug|Any CPU.Build.0 = Debug|Any CPU
		{FB986CA4-C406-4B0A-B924-F1816F002FC3}.Release|Any CPU.ActiveCfg = Release|Any CPU
		{FB986CA4-C406-4B0A-B924-F1816F002FC3}.Release|Any CPU.Build.0 = Release|Any CPU
	EndGlobalSection
	GlobalSection(SolutionProperties) = preSolution
		HideSolutionNode = FALSE
	EndGlobalSection
	GlobalSection(ExtensibilityGlobals) = postSolution
		SolutionGuid = {46702706-F6E4-41B3-B89C-B9004DEA1C83}
	EndGlobalSection
EndGlobal
